
Microsoft Visual Studio Solution File, Format Version 12.00
# Visual Studio 15
VisualStudioVersion = 15.0.28307.106
MinimumVisualStudioVersion = 10.0.40219.1
Project("{FAE04EC0-301F-11D3-BF4B-00C04F79EFBC}") = "ExceptionHandling", "ExceptionHandling\ExceptionHandling.csproj", "{CEC645E6-E842-4437-BF8D-A4D6A2E5B92C}"
EndProject
Global
	GlobalSection(SolutionConfigurationPlatforms) = preSolution
		Debug|Any CPU = Debug|Any CPU
		Release|Any CPU = Release|Any CPU
	EndGlobalSection
	GlobalSection(ProjectConfigurationPlatforms) = postSolution
		{CEC645E6-E842-4437-BF8D-A4D6A2E5B92C}.Debug|Any CPU.ActiveCfg = Debug|Any CPU
		{CEC645E6-E842-4437-BF8D-A4D6A2E5B92C}.Debug|Any CPU.Build.0 = Debug|Any CPU
		{CEC645E6-E842-4437-BF8D-A4D6A2E5B92C}.Release|Any CPU.ActiveCfg = Release|Any CPU
		{CEC645E6-E842-4437-BF8D-A4D6A2E5B92C}.Release|Any CPU.Build.0 = Release|Any CPU
	EndGlobalSection
	GlobalSection(SolutionProperties) = preSolution
		HideSolutionNode = FALSE
	EndGlobalSection
	GlobalSection(ExtensibilityGlobals) = postSolution
		SolutionGuid = {02EF42EA-1687-4AD0-8EAF-73DD86F68B81}
	EndGlobalSection
EndGlobal
